
Microsoft Visual Studio Solution File, Format Version 12.00
# Visual Studio Version 17
VisualStudioVersion = 17.5.002.0
MinimumVisualStudioVersion = 10.0.40219.1
Project("{9A19103F-16F7-4668-BE54-9A1E7A4F7556}") = "aj-gif-converter", "aj-gif-converter.csproj", "{0A06C61A-0CC2-40FD-85C6-DE55224B5EE1}"
EndProject
Global
	GlobalSection(SolutionConfigurationPlatforms) = preSolution
		Debug|Any CPU = Debug|Any CPU
		Release|Any CPU = Release|Any CPU
	EndGlobalSection
	GlobalSection(ProjectConfigurationPlatforms) = postSolution
		{0A06C61A-0CC2-40FD-85C6-DE55224B5EE1}.Debug|Any CPU.ActiveCfg = Debug|Any CPU
		{0A06C61A-0CC2-40FD-85C6-DE55224B5EE1}.Debug|Any CPU.Build.0 = Debug|Any CPU
		{0A06C61A-0CC2-40FD-85C6-DE55224B5EE1}.Release|Any CPU.ActiveCfg = Release|Any CPU
		{0A06C61A-0CC2-40FD-85C6-DE55224B5EE1}.Release|Any CPU.Build.0 = Release|Any CPU
	EndGlobalSection
	GlobalSection(SolutionProperties) = preSolution
		HideSolutionNode = FALSE
	EndGlobalSection
	GlobalSection(ExtensibilityGlobals) = postSolution
		SolutionGuid = {D9EE2380-782C-49F2-864B-D1ACFE611E72}
	EndGlobalSection
EndGlobal
